<?xml version="1.0" encoding="utf-8"?>
<Project ToolsVersion="4.0" xmlns="http://schemas.microsoft.com/developer/msbuild/2003">
  <ItemGroup>
    <Filter Include="Source Files">
      <UniqueIdentifier>{4FC737F1-C7A5-4376-A066-2A32D752A2FF}</UniqueIdentifier>
      <Extensions>cpp;c;cc;cxx;c++;cppm;ixx;def;odl;idl;hpj;bat;asm;asmx</Extensions>
    </Filter>
    <Filter Include="Header Files">
      <UniqueIdentifier>{93995380-89BD-4b04-88EB-625FBE52EBFB}</UniqueIdentifier>
      <Extensions>h;hh;hpp;hxx;h++;hm;inl;inc;ipp;xsd</Extensions>
    </Filter>
    <Filter Include="Resource Files">
      <UniqueIdentifier>{67DA6AB6-F800-4c08-8B7A-83BB121AAD01}</UniqueIdentifier>
      <Extensions>rc;ico;cur;bmp;dlg;rc2;rct;bin;rgs;gif;jpg;jpeg;jpe;resx;tiff;tif;png;wav;mfcribbon-ms</Extensions>
    </Filter>
    <Filter Include="Header Files\Canvas">
      <UniqueIdentifier>{da379a04-bf8f-498c-9a59-68a9417880e3}</UniqueIdentifier>
    </Filter>
    <Filter Include="Header Files\Shape">
      <UniqueIdentifier>{20174ed3-1503-4d22-b538-0757a4c59a42}</UniqueIdentifier>
    </Filter>
    <Filter Include="Source Files\Shape">
      <UniqueIdentifier>{82e68ec7-955a-4731-aaca-5808bc3e63e5}</UniqueIdentifier>
    </Filter>
    <Filter Include="Source Files\Canvas">
      <UniqueIdentifier>{e18e0e67-4d1c-4c14-9c87-04c46f4e0468}</UniqueIdentifier>
    </Filter>
  </ItemGroup>
  <ItemGroup>
    <ClCompile Include="Source.cpp">
      <Filter>Source Files</Filter>
    </ClCompile>
    <ClCompile Include="ShapeManager.cpp">
      <Filter>Source Files</Filter>
    </ClCompile>
    <ClCompile Include="ShapeCreator.cpp">
      <Filter>Source Files</Filter>
    </ClCompile>
    <ClCompile Include="ShapeController.cpp">
      <Filter>Source Files</Filter>
    </ClCompile>
    <ClCompile Include="CPoint.h">
      <Filter>Header Files\Shape</Filter>
    </ClCompile>
    <ClCompile Include="CRectangle.h">
      <Filter>Header Files\Shape</Filter>
    </ClCompile>
    <ClCompile Include="CCanvas.cpp">
      <Filter>Source Files\Canvas</Filter>
    </ClCompile>
    <ClCompile Include="CCircle.cpp">
      <Filter>Source Files\Shape</Filter>
    </ClCompile>
    <ClCompile Include="CLineSegment.cpp">
      <Filter>Source Files\Shape</Filter>
    </ClCompile>
    <ClCompile Include="CRectangle.cpp">
      <Filter>Source Files\Shape</Filter>
    </ClCompile>
    <ClCompile Include="CTriangle.cpp">
      <Filter>Source Files\Shape</Filter>
    </ClCompile>
    <ClCompile Include="ShapeService.cpp">
      <Filter>Source Files</Filter>
    </ClCompile>
  </ItemGroup>
  <ItemGroup>
    <ClInclude Include="ShapeManager.h">
      <Filter>Header Files</Filter>
    </ClInclude>
    <ClInclude Include="ShapeCreator.h">
      <Filter>Header Files</Filter>
    </ClInclude>
    <ClInclude Include="ShapeController.h">
      <Filter>Header Files</Filter>
    </ClInclude>
    <ClInclude Include="utils.h">
      <Filter>Header Files</Filter>
    </ClInclude>
    <ClInclude Include="CCanvas.h">
      <Filter>Header Files\Canvas</Filter>
    </ClInclude>
    <ClInclude Include="CTriangle.h">
      <Filter>Header Files\Shape</Filter>
    </ClInclude>
    <ClInclude Include="ICanvas.h">
      <Filter>Header Files\Canvas</Filter>
    </ClInclude>
    <ClInclude Include="ICanvasDrawable.h">
      <Filter>Header Files\Canvas</Filter>
    </ClInclude>
    <ClInclude Include="CLineSegment.h">
      <Filter>Header Files\Shape</Filter>
    </ClInclude>
    <ClInclude Include="CCircle.h">
      <Filter>Header Files\Shape</Filter>
    </ClInclude>
    <ClInclude Include="IShape.h">
      <Filter>Header Files\Shape</Filter>
    </ClInclude>
    <ClInclude Include="ISolidShape.h">
      <Filter>Header Files\Shape</Filter>
    </ClInclude>
    <ClInclude Include="ShapeService.h">
      <Filter>Header Files</Filter>
    </ClInclude>
  </ItemGroup>
</Project>