
Microsoft Visual Studio Solution File, Format Version 12.00
# Visual Studio Version 17
VisualStudioVersion = 17.13.35818.85
MinimumVisualStudioVersion = 10.0.40219.1
Project("{8BC9CEB8-8B4A-11D0-8D11-00A0C91BC942}") = "MiniDictionary", "MiniDictionary\MiniDictionary.vcxproj", "{653F45AE-13C8-4626-BC12-DB89799995A6}"
EndProject
Project("{8BC9CEB8-8B4A-11D0-8D11-00A0C91BC942}") = "MiniDictionaryTests", "MiniDictionaryTests\MiniDictionaryTests.vcxproj", "{CC6094C8-F75F-45EF-AD3A-5DEDB48E183C}"
EndProject
Global
	GlobalSection(SolutionConfigurationPlatforms) = preSolution
		Debug|x64 = Debug|x64
		Debug|x86 = Debug|x86
		Release|x64 = Release|x64
		Release|x86 = Release|x86
	EndGlobalSection
	GlobalSection(ProjectConfigurationPlatforms) = postSolution
		{653F45AE-13C8-4626-BC12-DB89799995A6}.Debug|x64.ActiveCfg = Debug|x64
		{653F45AE-13C8-4626-BC12-DB89799995A6}.Debug|x64.Build.0 = Debug|x64
		{653F45AE-13C8-4626-BC12-DB89799995A6}.Debug|x86.ActiveCfg = Debug|Win32
		{653F45AE-13C8-4626-BC12-DB89799995A6}.Debug|x86.Build.0 = Debug|Win32
		{653F45AE-13C8-4626-BC12-DB89799995A6}.Release|x64.ActiveCfg = Release|x64
		{653F45AE-13C8-4626-BC12-DB89799995A6}.Release|x64.Build.0 = Release|x64
		{653F45AE-13C8-4626-BC12-DB89799995A6}.Release|x86.ActiveCfg = Release|Win32
		{653F45AE-13C8-4626-BC12-DB89799995A6}.Release|x86.Build.0 = Release|Win32
		{CC6094C8-F75F-45EF-AD3A-5DEDB48E183C}.Debug|x64.ActiveCfg = Debug|x64
		{CC6094C8-F75F-45EF-AD3A-5DEDB48E183C}.Debug|x64.Build.0 = Debug|x64
		{CC6094C8-F75F-45EF-AD3A-5DEDB48E183C}.Debug|x86.ActiveCfg = Debug|Win32
		{CC6094C8-F75F-45EF-AD3A-5DEDB48E183C}.Debug|x86.Build.0 = Debug|Win32
		{CC6094C8-F75F-45EF-AD3A-5DEDB48E183C}.Release|x64.ActiveCfg = Release|x64
		{CC6094C8-F75F-45EF-AD3A-5DEDB48E183C}.Release|x64.Build.0 = Release|x64
		{CC6094C8-F75F-45EF-AD3A-5DEDB48E183C}.Release|x86.ActiveCfg = Release|Win32
		{CC6094C8-F75F-45EF-AD3A-5DEDB48E183C}.Release|x86.Build.0 = Release|Win32
	EndGlobalSection
	GlobalSection(SolutionProperties) = preSolution
		HideSolutionNode = FALSE
	EndGlobalSection
	GlobalSection(ExtensibilityGlobals) = postSolution
		SolutionGuid = {B1BD3BFC-84C4-4791-9F59-FEACFDC21447}
	EndGlobalSection
EndGlobal
